
Microsoft Visual Studio Solution File, Format Version 12.00
# Visual Studio Version 17
VisualStudioVersion = 17.3.32901.215
MinimumVisualStudioVersion = 10.0.40219.1
Project("{9A19103F-16F7-4668-BE54-9A1E7A4F7556}") = "DemoApi", "DemoApi\DemoApi.csproj", "{45D801F5-94DA-42D3-A8F7-767456CD9AB0}"
EndProject
Project("{00D1A9C2-B5F0-4AF3-8072-F6C62B433612}") = "Registration", "Registration\Registration.sqlproj", "{792F9898-2668-4BD6-9D0C-B0A70413E128}"
EndProject
Project("{9A19103F-16F7-4668-BE54-9A1E7A4F7556}") = "DemoApi.Tests", "DemoApi.Tests\DemoApi.Tests.csproj", "{C3F5ADF0-2F91-4668-87C9-ECAEC81ACEA2}"
EndProject
Global
	GlobalSection(SolutionConfigurationPlatforms) = preSolution
		Debug|Any CPU = Debug|Any CPU
		Release|Any CPU = Release|Any CPU
	EndGlobalSection
	GlobalSection(ProjectConfigurationPlatforms) = postSolution
		{45D801F5-94DA-42D3-A8F7-767456CD9AB0}.Debug|Any CPU.ActiveCfg = Debug|Any CPU
		{45D801F5-94DA-42D3-A8F7-767456CD9AB0}.Debug|Any CPU.Build.0 = Debug|Any CPU
		{45D801F5-94DA-42D3-A8F7-767456CD9AB0}.Release|Any CPU.ActiveCfg = Release|Any CPU
		{45D801F5-94DA-42D3-A8F7-767456CD9AB0}.Release|Any CPU.Build.0 = Release|Any CPU
		{792F9898-2668-4BD6-9D0C-B0A70413E128}.Debug|Any CPU.ActiveCfg = Debug|Any CPU
		{792F9898-2668-4BD6-9D0C-B0A70413E128}.Debug|Any CPU.Build.0 = Debug|Any CPU
		{792F9898-2668-4BD6-9D0C-B0A70413E128}.Debug|Any CPU.Deploy.0 = Debug|Any CPU
		{792F9898-2668-4BD6-9D0C-B0A70413E128}.Release|Any CPU.ActiveCfg = Release|Any CPU
		{792F9898-2668-4BD6-9D0C-B0A70413E128}.Release|Any CPU.Build.0 = Release|Any CPU
		{792F9898-2668-4BD6-9D0C-B0A70413E128}.Release|Any CPU.Deploy.0 = Release|Any CPU
		{C3F5ADF0-2F91-4668-87C9-ECAEC81ACEA2}.Debug|Any CPU.ActiveCfg = Debug|Any CPU
		{C3F5ADF0-2F91-4668-87C9-ECAEC81ACEA2}.Debug|Any CPU.Build.0 = Debug|Any CPU
		{C3F5ADF0-2F91-4668-87C9-ECAEC81ACEA2}.Release|Any CPU.ActiveCfg = Release|Any CPU
		{C3F5ADF0-2F91-4668-87C9-ECAEC81ACEA2}.Release|Any CPU.Build.0 = Release|Any CPU
	EndGlobalSection
	GlobalSection(SolutionProperties) = preSolution
		HideSolutionNode = FALSE
	EndGlobalSection
	GlobalSection(ExtensibilityGlobals) = postSolution
		SolutionGuid = {706CFC4B-61F1-4203-9E13-80DED737ADBC}
	EndGlobalSection
EndGlobal
